
Microsoft Visual Studio Solution File, Format Version 12.00
# Visual Studio Version 17
VisualStudioVersion = 17.1.31911.260
MinimumVisualStudioVersion = 10.0.40219.1
Project("{9A19103F-16F7-4668-BE54-9A1E7A4F7556}") = "BSLegacyUtil", "BSLegacyUtil_CLI\BSLegacyUtil.csproj", "{F87C29C3-8251-4709-A237-AF3438B06A21}"
EndProject
Project("{FAE04EC0-301F-11D3-BF4B-00C04F79EFBC}") = "BSLegacyUtil_GUI", "BSLegacyUtil_GUI\BSLegacyUtil_GUI.csproj", "{4CDF50F3-4EEC-45D2-9469-6516031D69F2}"
EndProject
Global
	GlobalSection(SolutionConfigurationPlatforms) = preSolution
		Debug|Any CPU = Debug|Any CPU
		Release|Any CPU = Release|Any CPU
	EndGlobalSection
	GlobalSection(ProjectConfigurationPlatforms) = postSolution
		{F87C29C3-8251-4709-A237-AF3438B06A21}.Debug|Any CPU.ActiveCfg = Release|Any CPU
		{F87C29C3-8251-4709-A237-AF3438B06A21}.Debug|Any CPU.Build.0 = Release|Any CPU
		{F87C29C3-8251-4709-A237-AF3438B06A21}.Release|Any CPU.ActiveCfg = Release|Any CPU
		{F87C29C3-8251-4709-A237-AF3438B06A21}.Release|Any CPU.Build.0 = Release|Any CPU
		{4CDF50F3-4EEC-45D2-9469-6516031D69F2}.Debug|Any CPU.ActiveCfg = Debug|Any CPU
		{4CDF50F3-4EEC-45D2-9469-6516031D69F2}.Debug|Any CPU.Build.0 = Debug|Any CPU
		{4CDF50F3-4EEC-45D2-9469-6516031D69F2}.Release|Any CPU.ActiveCfg = Release|Any CPU
		{4CDF50F3-4EEC-45D2-9469-6516031D69F2}.Release|Any CPU.Build.0 = Release|Any CPU
	EndGlobalSection
	GlobalSection(SolutionProperties) = preSolution
		HideSolutionNode = FALSE
	EndGlobalSection
	GlobalSection(ExtensibilityGlobals) = postSolution
		SolutionGuid = {0701AB61-9D74-4288-9111-137B6F27F9DB}
	EndGlobalSection
EndGlobal
